# This file was autogenerated by uv via the following command:
#    uv export --format requirements-txt --no-dev --no-hashes --output-file requirements.lock
-e .
certifi==2026.7.22
    # via curl-cffi
cffi==2.1.1
    # via curl-cffi
curl-cffi==0.16.3
    # via tguserbot
pyaes==1.6.1
    # via telethon
pyasn1==0.6.4
    # via rsa
pycparser==3.0 ; implementation_name != 'PyPy'
    # via cffi
rsa==4.9.1
    # via telethon
telethon==1.45.0
    # via tguserbot
yt-dlp==2026.8.19
    # via tguserbot
